
Microsoft Visual Studio Solution File, Format Version 12.00
# Visual Studio 15
VisualStudioVersion = 15.0.27130.2036
MinimumVisualStudioVersion = 10.0.40219.1
Project("{FAE04EC0-301F-11D3-BF4B-00C04F79EFBC}") = "QuanLiThucVat", "QuanLiThucVat\QuanLiThucVat.csproj", "{ED734AF6-4B4A-49C6-8A54-BF9AB3D35E0B}"
EndProject
Global
	GlobalSection(SolutionConfigurationPlatforms) = preSolution
		Debug|Any CPU = Debug|Any CPU
		Release|Any CPU = Release|Any CPU
	EndGlobalSection
	GlobalSection(ProjectConfigurationPlatforms) = postSolution
		{ED734AF6-4B4A-49C6-8A54-BF9AB3D35E0B}.Debug|Any CPU.ActiveCfg = Debug|Any CPU
		{ED734AF6-4B4A-49C6-8A54-BF9AB3D35E0B}.Debug|Any CPU.Build.0 = Debug|Any CPU
		{ED734AF6-4B4A-49C6-8A54-BF9AB3D35E0B}.Release|Any CPU.ActiveCfg = Release|Any CPU
		{ED734AF6-4B4A-49C6-8A54-BF9AB3D35E0B}.Release|Any CPU.Build.0 = Release|Any CPU
	EndGlobalSection
	GlobalSection(SolutionProperties) = preSolution
		HideSolutionNode = FALSE
	EndGlobalSection
	GlobalSection(ExtensibilityGlobals) = postSolution
		SolutionGuid = {6D26F0FE-76BB-4CD4-BF79-59E682550C82}
	EndGlobalSection
	GlobalSection(TeamFoundationVersionControl) = preSolution
		SccNumberOfProjects = 2
		SccEnterpriseProvider = {4CA58AB2-18FA-4F8D-95D4-32DDF27D184C}
		SccTeamFoundationServer = https://phuongdragon.visualstudio.com/
		SccLocalPath0 = .
		SccProjectUniqueName1 = QuanLiThucVat\\QuanLiThucVat.csproj
		SccProjectName1 = QuanLiThucVat
		SccLocalPath1 = QuanLiThucVat
	EndGlobalSection
EndGlobal
